
Microsoft Visual Studio Solution File, Format Version 12.00
# Visual Studio 15
VisualStudioVersion = 15.0.26124.0
MinimumVisualStudioVersion = 15.0.26124.0
Project("{FAE04EC0-301F-11D3-BF4B-00C04F79EFBC}") = "Docs.App.View", "Docs.App.View\Docs.App.View.csproj", "{E2AE8ED5-0F6C-4929-A0D2-B19E374B270E}"
EndProject
Project("{FAE04EC0-301F-11D3-BF4B-00C04F79EFBC}") = "Docs.Browser.Host", "Docs.Browser.Host\Docs.Browser.Host.csproj", "{CD1F1E04-7B09-4A50-8F09-3252CDDDB424}"
EndProject
Project("{FAE04EC0-301F-11D3-BF4B-00C04F79EFBC}") = "Docs.BrowserPrerendered.Host", "Docs.BrowserPrerendered.Host\Docs.BrowserPrerendered.Host.csproj", "{C5CF522F-7D31-4EA0-934E-D8ABF857A0A4}"
EndProject
Project("{FAE04EC0-301F-11D3-BF4B-00C04F79EFBC}") = "Docs.Server.Host", "Docs.Server.Host\Docs.Server.Host.csproj", "{B7E7F04A-ACDA-4FB9-B2E3-CA739E778144}"
EndProject
Project("{FAE04EC0-301F-11D3-BF4B-00C04F79EFBC}") = "Docs.ServerPrerendered.Host", "Docs.ServerPrerendered.Host\Docs.ServerPrerendered.Host.csproj", "{DCA50390-E85E-4FE0-8A59-8C0A06BCD210}"
EndProject
Global
	GlobalSection(SolutionConfigurationPlatforms) = preSolution
		Debug|Any CPU = Debug|Any CPU
		Debug|x64 = Debug|x64
		Debug|x86 = Debug|x86
		Release|Any CPU = Release|Any CPU
		Release|x64 = Release|x64
		Release|x86 = Release|x86
	EndGlobalSection
	GlobalSection(SolutionProperties) = preSolution
		HideSolutionNode = FALSE
	EndGlobalSection
	GlobalSection(ProjectConfigurationPlatforms) = postSolution
		{E2AE8ED5-0F6C-4929-A0D2-B19E374B270E}.Debug|Any CPU.ActiveCfg = Debug|Any CPU
		{E2AE8ED5-0F6C-4929-A0D2-B19E374B270E}.Debug|Any CPU.Build.0 = Debug|Any CPU
		{E2AE8ED5-0F6C-4929-A0D2-B19E374B270E}.Debug|x64.ActiveCfg = Debug|Any CPU
		{E2AE8ED5-0F6C-4929-A0D2-B19E374B270E}.Debug|x64.Build.0 = Debug|Any CPU
		{E2AE8ED5-0F6C-4929-A0D2-B19E374B270E}.Debug|x86.ActiveCfg = Debug|Any CPU
		{E2AE8ED5-0F6C-4929-A0D2-B19E374B270E}.Debug|x86.Build.0 = Debug|Any CPU
		{E2AE8ED5-0F6C-4929-A0D2-B19E374B270E}.Release|Any CPU.ActiveCfg = Release|Any CPU
		{E2AE8ED5-0F6C-4929-A0D2-B19E374B270E}.Release|Any CPU.Build.0 = Release|Any CPU
		{E2AE8ED5-0F6C-4929-A0D2-B19E374B270E}.Release|x64.ActiveCfg = Release|Any CPU
		{E2AE8ED5-0F6C-4929-A0D2-B19E374B270E}.Release|x64.Build.0 = Release|Any CPU
		{E2AE8ED5-0F6C-4929-A0D2-B19E374B270E}.Release|x86.ActiveCfg = Release|Any CPU
		{E2AE8ED5-0F6C-4929-A0D2-B19E374B270E}.Release|x86.Build.0 = Release|Any CPU
		{CD1F1E04-7B09-4A50-8F09-3252CDDDB424}.Debug|Any CPU.ActiveCfg = Debug|Any CPU
		{CD1F1E04-7B09-4A50-8F09-3252CDDDB424}.Debug|Any CPU.Build.0 = Debug|Any CPU
		{CD1F1E04-7B09-4A50-8F09-3252CDDDB424}.Debug|x64.ActiveCfg = Debug|Any CPU
		{CD1F1E04-7B09-4A50-8F09-3252CDDDB424}.Debug|x64.Build.0 = Debug|Any CPU
		{CD1F1E04-7B09-4A50-8F09-3252CDDDB424}.Debug|x86.ActiveCfg = Debug|Any CPU
		{CD1F1E04-7B09-4A50-8F09-3252CDDDB424}.Debug|x86.Build.0 = Debug|Any CPU
		{CD1F1E04-7B09-4A50-8F09-3252CDDDB424}.Release|Any CPU.ActiveCfg = Release|Any CPU
		{CD1F1E04-7B09-4A50-8F09-3252CDDDB424}.Release|Any CPU.Build.0 = Release|Any CPU
		{CD1F1E04-7B09-4A50-8F09-3252CDDDB424}.Release|x64.ActiveCfg = Release|Any CPU
		{CD1F1E04-7B09-4A50-8F09-3252CDDDB424}.Release|x64.Build.0 = Release|Any CPU
		{CD1F1E04-7B09-4A50-8F09-3252CDDDB424}.Release|x86.ActiveCfg = Release|Any CPU
		{CD1F1E04-7B09-4A50-8F09-3252CDDDB424}.Release|x86.Build.0 = Release|Any CPU
		{C5CF522F-7D31-4EA0-934E-D8ABF857A0A4}.Debug|Any CPU.ActiveCfg = Debug|Any CPU
		{C5CF522F-7D31-4EA0-934E-D8ABF857A0A4}.Debug|Any CPU.Build.0 = Debug|Any CPU
		{C5CF522F-7D31-4EA0-934E-D8ABF857A0A4}.Debug|x64.ActiveCfg = Debug|Any CPU
		{C5CF522F-7D31-4EA0-934E-D8ABF857A0A4}.Debug|x64.Build.0 = Debug|Any CPU
		{C5CF522F-7D31-4EA0-934E-D8ABF857A0A4}.Debug|x86.ActiveCfg = Debug|Any CPU
		{C5CF522F-7D31-4EA0-934E-D8ABF857A0A4}.Debug|x86.Build.0 = Debug|Any CPU
		{C5CF522F-7D31-4EA0-934E-D8ABF857A0A4}.Release|Any CPU.ActiveCfg = Release|Any CPU
		{C5CF522F-7D31-4EA0-934E-D8ABF857A0A4}.Release|Any CPU.Build.0 = Release|Any CPU
		{C5CF522F-7D31-4EA0-934E-D8ABF857A0A4}.Release|x64.ActiveCfg = Release|Any CPU
		{C5CF522F-7D31-4EA0-934E-D8ABF857A0A4}.Release|x64.Build.0 = Release|Any CPU
		{C5CF522F-7D31-4EA0-934E-D8ABF857A0A4}.Release|x86.ActiveCfg = Release|Any CPU
		{C5CF522F-7D31-4EA0-934E-D8ABF857A0A4}.Release|x86.Build.0 = Release|Any CPU
		{B7E7F04A-ACDA-4FB9-B2E3-CA739E778144}.Debug|Any CPU.ActiveCfg = Debug|Any CPU
		{B7E7F04A-ACDA-4FB9-B2E3-CA739E778144}.Debug|Any CPU.Build.0 = Debug|Any CPU
		{B7E7F04A-ACDA-4FB9-B2E3-CA739E778144}.Debug|x64.ActiveCfg = Debug|Any CPU
		{B7E7F04A-ACDA-4FB9-B2E3-CA739E778144}.Debug|x64.Build.0 = Debug|Any CPU
		{B7E7F04A-ACDA-4FB9-B2E3-CA739E778144}.Debug|x86.ActiveCfg = Debug|Any CPU
		{B7E7F04A-ACDA-4FB9-B2E3-CA739E778144}.Debug|x86.Build.0 = Debug|Any CPU
		{B7E7F04A-ACDA-4FB9-B2E3-CA739E778144}.Release|Any CPU.ActiveCfg = Release|Any CPU
		{B7E7F04A-ACDA-4FB9-B2E3-CA739E778144}.Release|Any CPU.Build.0 = Release|Any CPU
		{B7E7F04A-ACDA-4FB9-B2E3-CA739E778144}.Release|x64.ActiveCfg = Release|Any CPU
		{B7E7F04A-ACDA-4FB9-B2E3-CA739E778144}.Release|x64.Build.0 = Release|Any CPU
		{B7E7F04A-ACDA-4FB9-B2E3-CA739E778144}.Release|x86.ActiveCfg = Release|Any CPU
		{B7E7F04A-ACDA-4FB9-B2E3-CA739E778144}.Release|x86.Build.0 = Release|Any CPU
		{DCA50390-E85E-4FE0-8A59-8C0A06BCD210}.Debug|Any CPU.ActiveCfg = Debug|Any CPU
		{DCA50390-E85E-4FE0-8A59-8C0A06BCD210}.Debug|Any CPU.Build.0 = Debug|Any CPU
		{DCA50390-E85E-4FE0-8A59-8C0A06BCD210}.Debug|x64.ActiveCfg = Debug|Any CPU
		{DCA50390-E85E-4FE0-8A59-8C0A06BCD210}.Debug|x64.Build.0 = Debug|Any CPU
		{DCA50390-E85E-4FE0-8A59-8C0A06BCD210}.Debug|x86.ActiveCfg = Debug|Any CPU
		{DCA50390-E85E-4FE0-8A59-8C0A06BCD210}.Debug|x86.Build.0 = Debug|Any CPU
		{DCA50390-E85E-4FE0-8A59-8C0A06BCD210}.Release|Any CPU.ActiveCfg = Release|Any CPU
		{DCA50390-E85E-4FE0-8A59-8C0A06BCD210}.Release|Any CPU.Build.0 = Release|Any CPU
		{DCA50390-E85E-4FE0-8A59-8C0A06BCD210}.Release|x64.ActiveCfg = Release|Any CPU
		{DCA50390-E85E-4FE0-8A59-8C0A06BCD210}.Release|x64.Build.0 = Release|Any CPU
		{DCA50390-E85E-4FE0-8A59-8C0A06BCD210}.Release|x86.ActiveCfg = Release|Any CPU
		{DCA50390-E85E-4FE0-8A59-8C0A06BCD210}.Release|x86.Build.0 = Release|Any CPU
	EndGlobalSection
EndGlobal
